
Microsoft Visual Studio Solution File, Format Version 12.00
# Visual Studio 2013
VisualStudioVersion = 12.0.30324.0
MinimumVisualStudioVersion = 10.0.40219.1
Project("{FAE04EC0-301F-11D3-BF4B-00C04F79EFBC}") = "TestPowerPointGenerator", "TestPowerPointGenerator\TestPowerPointGenerator.csproj", "{962F7FCD-3E74-4C32-A37B-A61028087FD6}"
EndProject
Project("{FAE04EC0-301F-11D3-BF4B-00C04F79EFBC}") = "PowerPointGenerator", "PowerPointGenerator\PowerPointGenerator.csproj", "{8656C04F-9E6D-4437-8F06-23F584A4DA41}"
EndProject
Project("{2150E333-8FDC-42A3-9474-1A3956D46DE8}") = "Alba", "Alba", "{C95C2E2A-00D0-400E-9CFD-527399603F68}"
	ProjectSection(SolutionItems) = preProject
		Alba1\Jessica-Alba-01.jpg = Alba1\Jessica-Alba-01.jpg
		Alba1\Jessica-Alba-02.jpg = Alba1\Jessica-Alba-02.jpg
		Alba1\Jessica-Alba-03.jpg = Alba1\Jessica-Alba-03.jpg
		Alba1\Jessica-Alba-04.jpg = Alba1\Jessica-Alba-04.jpg
	EndProjectSection
EndProject
Global
	GlobalSection(SolutionConfigurationPlatforms) = preSolution
		Debug|Any CPU = Debug|Any CPU
		Release|Any CPU = Release|Any CPU
	EndGlobalSection
	GlobalSection(ProjectConfigurationPlatforms) = postSolution
		{962F7FCD-3E74-4C32-A37B-A61028087FD6}.Debug|Any CPU.ActiveCfg = Debug|Any CPU
		{962F7FCD-3E74-4C32-A37B-A61028087FD6}.Debug|Any CPU.Build.0 = Debug|Any CPU
		{962F7FCD-3E74-4C32-A37B-A61028087FD6}.Release|Any CPU.ActiveCfg = Release|Any CPU
		{962F7FCD-3E74-4C32-A37B-A61028087FD6}.Release|Any CPU.Build.0 = Release|Any CPU
		{8656C04F-9E6D-4437-8F06-23F584A4DA41}.Debug|Any CPU.ActiveCfg = Debug|Any CPU
		{8656C04F-9E6D-4437-8F06-23F584A4DA41}.Debug|Any CPU.Build.0 = Debug|Any CPU
		{8656C04F-9E6D-4437-8F06-23F584A4DA41}.Release|Any CPU.ActiveCfg = Release|Any CPU
		{8656C04F-9E6D-4437-8F06-23F584A4DA41}.Release|Any CPU.Build.0 = Release|Any CPU
	EndGlobalSection
	GlobalSection(SolutionProperties) = preSolution
		HideSolutionNode = FALSE
	EndGlobalSection
EndGlobal
